// !$*UTF8*$!
{
	archiveVersion = 1;
	classes = {
	};
	objectVersion = 55;
	objects = {

/* Begin PBXBuildFile section */
		9FE8A9A0290BEA6100AA3442 /* AppDelegate.swift in Sources */ = {isa = PBXBuildFile; fileRef = 9FE8A99F290BEA6100AA3442 /* AppDelegate.swift */; };
		9FE8A9A2290BEA6100AA3442 /* SceneDelegate.swift in Sources */ = {isa = PBXBuildFile; fileRef = 9FE8A9A1290BEA6100AA3442 /* SceneDelegate.swift */; };
		9FE8A9A4290BEA6100AA3442 /* ViewController.swift in Sources */ = {isa = PBXBuildFile; fileRef = 9FE8A9A3290BEA6100AA3442 /* ViewController.swift */; };
		9FE8A9A7290BEA6100AA3442 /* Main.storyboard in Resources */ = {isa = PBXBuildFile; fileRef = 9FE8A9A5290BEA6100AA3442 /* Main.storyboard */; };
		9FE8A9A9290BEA6200AA3442 /* Assets.xcassets in Resources */ = {isa = PBXBuildFile; fileRef = 9FE8A9A8290BEA6200AA3442 /* Assets.xcassets */; };
		9FE8A9AC290BEA6200AA3442 /* LaunchScreen.storyboard in Resources */ = {isa = PBXBuildFile; fileRef = 9FE8A9AA290BEA6200AA3442 /* LaunchScreen.storyboard */; };
		9FE8A9B5290BEAC200AA3442 /* NetworkMonitor.swift in Sources */ = {isa = PBXBuildFile; fileRef = 9FE8A9B4290BEAC200AA3442 /* NetworkMonitor.swift */; };
		9FE8A9B7290BEAFE00AA3442 /* NetworkManager.swift in Sources */ = {isa = PBXBuildFile; fileRef = 9FE8A9B6290BEAFE00AA3442 /* NetworkManager.swift */; };
		9FE8A9B9290BEB1400AA3442 /* DataModel.swift in Sources */ = {isa = PBXBuildFile; fileRef = 9FE8A9B8290BEB1400AA3442 /* DataModel.swift */; };
		9FE8A9BB290BEB4800AA3442 /* ProfileModel.swift in Sources */ = {isa = PBXBuildFile; fileRef = 9FE8A9BA290BEB4800AA3442 /* ProfileModel.swift */; };
		9FE8A9BE290BEED600AA3442 /* Extensions.swift in Sources */ = {isa = PBXBuildFile; fileRef = 9FE8A9BD290BEED600AA3442 /* Extensions.swift */; };
		9FE8A9C2290BF02700AA3442 /* ProfileTableViewCell.swift in Sources */ = {isa = PBXBuildFile; fileRef = 9FE8A9C0290BF02700AA3442 /* ProfileTableViewCell.swift */; };
		9FE8A9C3290BF02700AA3442 /* ProfileTableViewCell.xib in Resources */ = {isa = PBXBuildFile; fileRef = 9FE8A9C1290BF02700AA3442 /* ProfileTableViewCell.xib */; };
/* End PBXBuildFile section */

/* Begin PBXFileReference section */
		9FE8A99C290BEA6100AA3442 /* Avito Trainee Task Dmitry Kuplinov.app */ = {isa = PBXFileReference; explicitFileType = wrapper.application; includeInIndex = 0; path = "Avito Trainee Task Dmitry Kuplinov.app"; sourceTree = BUILT_PRODUCTS_DIR; };
		9FE8A99F290BEA6100AA3442 /* AppDelegate.swift */ = {isa = PBXFileReference; lastKnownFileType = sourcecode.swift; path = AppDelegate.swift; sourceTree = "<group>"; };
		9FE8A9A1290BEA6100AA3442 /* SceneDelegate.swift */ = {isa = PBXFileReference; lastKnownFileType = sourcecode.swift; path = SceneDelegate.swift; sourceTree = "<group>"; };
		9FE8A9A3290BEA6100AA3442 /* ViewController.swift */ = {isa = PBXFileReference; lastKnownFileType = sourcecode.swift; path = ViewController.swift; sourceTree = "<group>"; };
		9FE8A9A6290BEA6100AA3442 /* Base */ = {isa = PBXFileReference; lastKnownFileType = file.storyboard; name = Base; path = Base.lproj/Main.storyboard; sourceTree = "<group>"; };
		9FE8A9A8290BEA6200AA3442 /* Assets.xcassets */ = {isa = PBXFileReference; lastKnownFileType = folder.assetcatalog; path = Assets.xcassets; sourceTree = "<group>"; };
		9FE8A9AB290BEA6200AA3442 /* Base */ = {isa = PBXFileReference; lastKnownFileType = file.storyboard; name = Base; path = Base.lproj/LaunchScreen.storyboard; sourceTree = "<group>"; };
		9FE8A9AD290BEA6200AA3442 /* Info.plist */ = {isa = PBXFileReference; lastKnownFileType = text.plist.xml; path = Info.plist; sourceTree = "<group>"; };
		9FE8A9B4290BEAC200AA3442 /* NetworkMonitor.swift */ = {isa = PBXFileReference; lastKnownFileType = sourcecode.swift; path = NetworkMonitor.swift; sourceTree = "<group>"; };
		9FE8A9B6290BEAFE00AA3442 /* NetworkManager.swift */ = {isa = PBXFileReference; lastKnownFileType = sourcecode.swift; path = NetworkManager.swift; sourceTree = "<group>"; };
		9FE8A9B8290BEB1400AA3442 /* DataModel.swift */ = {isa = PBXFileReference; lastKnownFileType = sourcecode.swift; path = DataModel.swift; sourceTree = "<group>"; };
		9FE8A9BA290BEB4800AA3442 /* ProfileModel.swift */ = {isa = PBXFileReference; lastKnownFileType = sourcecode.swift; path = ProfileModel.swift; sourceTree = "<group>"; };
		9FE8A9BD290BEED600AA3442 /* Extensions.swift */ = {isa = PBXFileReference; lastKnownFileType = sourcecode.swift; path = Extensions.swift; sourceTree = "<group>"; };
		9FE8A9C0290BF02700AA3442 /* ProfileTableViewCell.swift */ = {isa = PBXFileReference; lastKnownFileType = sourcecode.swift; path = ProfileTableViewCell.swift; sourceTree = "<group>"; };
		9FE8A9C1290BF02700AA3442 /* ProfileTableViewCell.xib */ = {isa = PBXFileReference; lastKnownFileType = file.xib; path = ProfileTableViewCell.xib; sourceTree = "<group>"; };
/* End PBXFileReference section */

/* Begin PBXFrameworksBuildPhase section */
		9FE8A999290BEA6100AA3442 /* Frameworks */ = {
			isa = PBXFrameworksBuildPhase;
			buildActionMask = 2147483647;
			files = (
			);
			runOnlyForDeploymentPostprocessing = 0;
		};
/* End PBXFrameworksBuildPhase section */

/* Begin PBXGroup section */
		9FE8A993290BEA6100AA3442 = {
			isa = PBXGroup;
			children = (
				9FE8A99E290BEA6100AA3442 /* Avito Trainee Task Dmitry Kuplinov */,
				9FE8A99D290BEA6100AA3442 /* Products */,
			);
			sourceTree = "<group>";
		};
		9FE8A99D290BEA6100AA3442 /* Products */ = {
			isa = PBXGroup;
			children = (
				9FE8A99C290BEA6100AA3442 /* Avito Trainee Task Dmitry Kuplinov.app */,
			);
			name = Products;
			sourceTree = "<group>";
		};
		9FE8A99E290BEA6100AA3442 /* Avito Trainee Task Dmitry Kuplinov */ = {
			isa = PBXGroup;
			children = (
				9FE8A99F290BEA6100AA3442 /* AppDelegate.swift */,
				9FE8A9A1290BEA6100AA3442 /* SceneDelegate.swift */,
				9FE8A9A3290BEA6100AA3442 /* ViewController.swift */,
				9FE8A9BF290BF00300AA3442 /* Cell */,
				9FE8A9B3290BEA9600AA3442 /* Networking */,
				9FE8A9BC290BEEC600AA3442 /* Support */,
				9FE8A9A5290BEA6100AA3442 /* Main.storyboard */,
				9FE8A9A8290BEA6200AA3442 /* Assets.xcassets */,
				9FE8A9AA290BEA6200AA3442 /* LaunchScreen.storyboard */,
				9FE8A9AD290BEA6200AA3442 /* Info.plist */,
			);
			path = "Avito Trainee Task Dmitry Kuplinov";
			sourceTree = "<group>";
		};
		9FE8A9B3290BEA9600AA3442 /* Networking */ = {
			isa = PBXGroup;
			children = (
				9FE8A9B4290BEAC200AA3442 /* NetworkMonitor.swift */,
				9FE8A9B6290BEAFE00AA3442 /* NetworkManager.swift */,
				9FE8A9B8290BEB1400AA3442 /* DataModel.swift */,
				9FE8A9BA290BEB4800AA3442 /* ProfileModel.swift */,
			);
			path = Networking;
			sourceTree = "<group>";
		};
		9FE8A9BC290BEEC600AA3442 /* Support */ = {
			isa = PBXGroup;
			children = (
				9FE8A9BD290BEED600AA3442 /* Extensions.swift */,
			);
			path = Support;
			sourceTree = "<group>";
		};
		9FE8A9BF290BF00300AA3442 /* Cell */ = {
			isa = PBXGroup;
			children = (
				9FE8A9C0290BF02700AA3442 /* ProfileTableViewCell.swift */,
				9FE8A9C1290BF02700AA3442 /* ProfileTableViewCell.xib */,
			);
			path = Cell;
			sourceTree = "<group>";
		};
/* End PBXGroup section */

/* Begin PBXNativeTarget section */
		9FE8A99B290BEA6100AA3442 /* Avito Trainee Task Dmitry Kuplinov */ = {
			isa = PBXNativeTarget;
			buildConfigurationList = 9FE8A9B0290BEA6200AA3442 /* Build configuration list for PBXNativeTarget "Avito Trainee Task Dmitry Kuplinov" */;
			buildPhases = (
				9FE8A998290BEA6100AA3442 /* Sources */,
				9FE8A999290BEA6100AA3442 /* Frameworks */,
				9FE8A99A290BEA6100AA3442 /* Resources */,
			);
			buildRules = (
			);
			dependencies = (
			);
			name = "Avito Trainee Task Dmitry Kuplinov";
			productName = "Avito Trainee Task Dmitry Kuplinov";
			productReference = 9FE8A99C290BEA6100AA3442 /* Avito Trainee Task Dmitry Kuplinov.app */;
			productType = "com.apple.product-type.application";
		};
/* End PBXNativeTarget section */

/* Begin PBXProject section */
		9FE8A994290BEA6100AA3442 /* Project object */ = {
			isa = PBXProject;
			attributes = {
				BuildIndependentTargetsInParallel = 1;
				LastSwiftUpdateCheck = 1340;
				LastUpgradeCheck = 1340;
				TargetAttributes = {
					9FE8A99B290BEA6100AA3442 = {
						CreatedOnToolsVersion = 13.4.1;
					};
				};
			};
			buildConfigurationList = 9FE8A997290BEA6100AA3442 /* Build configuration list for PBXProject "Avito Trainee Task Dmitry Kuplinov" */;
			compatibilityVersion = "Xcode 13.0";
			developmentRegion = en;
			hasScannedForEncodings = 0;
			knownRegions = (
				en,
				Base,
			);
			mainGroup = 9FE8A993290BEA6100AA3442;
			productRefGroup = 9FE8A99D290BEA6100AA3442 /* Products */;
			projectDirPath = "";
			projectRoot = "";
			targets = (
				9FE8A99B290BEA6100AA3442 /* Avito Trainee Task Dmitry Kuplinov */,
			);
		};
/* End PBXProject section */

/* Begin PBXResourcesBuildPhase section */
		9FE8A99A290BEA6100AA3442 /* Resources */ = {
			isa = PBXResourcesBuildPhase;
			buildActionMask = 2147483647;
			files = (
				9FE8A9AC290BEA6200AA3442 /* LaunchScreen.storyboard in Resources */,
				9FE8A9C3290BF02700AA3442 /* ProfileTableViewCell.xib in Resources */,
				9FE8A9A9290BEA6200AA3442 /* Assets.xcassets in Resources */,
				9FE8A9A7290BEA6100AA3442 /* Main.storyboard in Resources */,
			);
			runOnlyForDeploymentPostprocessing = 0;
		};
/* End PBXResourcesBuildPhase section */

/* Begin PBXSourcesBuildPhase section */
		9FE8A998290BEA6100AA3442 /* Sources */ = {
			isa = PBXSourcesBuildPhase;
			buildActionMask = 2147483647;
			files = (
				9FE8A9A4290BEA6100AA3442 /* ViewController.swift in Sources */,
				9FE8A9BB290BEB4800AA3442 /* ProfileModel.swift in Sources */,
				9FE8A9B5290BEAC200AA3442 /* NetworkMonitor.swift in Sources */,
				9FE8A9C2290BF02700AA3442 /* ProfileTableViewCell.swift in Sources */,
				9FE8A9BE290BEED600AA3442 /* Extensions.swift in Sources */,
				9FE8A9B7290BEAFE00AA3442 /* NetworkManager.swift in Sources */,
				9FE8A9A0290BEA6100AA3442 /* AppDelegate.swift in Sources */,
				9FE8A9A2290BEA6100AA3442 /* SceneDelegate.swift in Sources */,
				9FE8A9B9290BEB1400AA3442 /* DataModel.swift in Sources */,
			);
			runOnlyForDeploymentPostprocessing = 0;
		};
/* End PBXSourcesBuildPhase section */

/* Begin PBXVariantGroup section */
		9FE8A9A5290BEA6100AA3442 /* Main.storyboard */ = {
			isa = PBXVariantGroup;
			children = (
				9FE8A9A6290BEA6100AA3442 /* Base */,
			);
			name = Main.storyboard;
			sourceTree = "<group>";
		};
		9FE8A9AA290BEA6200AA3442 /* LaunchScreen.storyboard */ = {
			isa = PBXVariantGroup;
			children = (
				9FE8A9AB290BEA6200AA3442 /* Base */,
			);
			name = LaunchScreen.storyboard;
			sourceTree = "<group>";
		};
/* End PBXVariantGroup section */

/* Begin XCBuildConfiguration section */
		9FE8A9AE290BEA6200AA3442 /* Debug */ = {
			isa = XCBuildConfiguration;
			buildSettings = {
				ALWAYS_SEARCH_USER_PATHS = NO;
				CLANG_ANALYZER_NONNULL = YES;
				CLANG_ANALYZER_NUMBER_OBJECT_CONVERSION = YES_AGGRESSIVE;
				CLANG_CXX_LANGUAGE_STANDARD = "gnu++17";
				CLANG_ENABLE_MODULES = YES;
				CLANG_ENABLE_OBJC_ARC = YES;
				CLANG_ENABLE_OBJC_WEAK = YES;
				CLANG_WARN_BLOCK_CAPTURE_AUTORELEASING = YES;
				CLANG_WARN_BOOL_CONVERSION = YES;
				CLANG_WARN_COMMA = YES;
				CLANG_WARN_CONSTANT_CONVERSION = YES;
				CLANG_WARN_DEPRECATED_OBJC_IMPLEMENTATIONS = YES;
				CLANG_WARN_DIRECT_OBJC_ISA_USAGE = YES_ERROR;
				CLANG_WARN_DOCUMENTATION_COMMENTS = YES;
				CLANG_WARN_EMPTY_BODY = YES;
				CLANG_WARN_ENUM_CONVERSION = YES;
				CLANG_WARN_INFINITE_RECURSION = YES;
				CLANG_WARN_INT_CONVERSION = YES;
				CLANG_WARN_NON_LITERAL_NULL_CONVERSION = YES;
				CLANG_WARN_OBJC_IMPLICIT_RETAIN_SELF = YES;
				CLANG_WARN_OBJC_LITERAL_CONVERSION = YES;
				CLANG_WARN_OBJC_ROOT_CLASS = YES_ERROR;
				CLANG_WARN_QUOTED_INCLUDE_IN_FRAMEWORK_HEADER = YES;
				CLANG_WARN_RANGE_LOOP_ANALYSIS = YES;
				CLANG_WARN_STRICT_PROTOTYPES = YES;
				CLANG_WARN_SUSPICIOUS_MOVE = YES;
				CLANG_WARN_UNGUARDED_AVAILABILITY = YES_AGGRESSIVE;
				CLANG_WARN_UNREACHABLE_CODE = YES;
				CLANG_WARN__DUPLICATE_METHOD_MATCH = YES;
				COPY_PHASE_STRIP = NO;
				DEBUG_INFORMATION_FORMAT = dwarf;
				ENABLE_STRICT_OBJC_MSGSEND = YES;
				ENABLE_TESTABILITY = YES;
				GCC_C_LANGUAGE_STANDARD = gnu11;
				GCC_DYNAMIC_NO_PIC = NO;
				GCC_NO_COMMON_BLOCKS = YES;
				GCC_OPTIMIZATION_LEVEL = 0;
				GCC_PREPROCESSOR_DEFINITIONS = (
					"DEBUG=1",
					"$(inherited)",
				);
				GCC_WARN_64_TO_32_BIT_CONVERSION = YES;
				GCC_WARN_ABOUT_RETURN_TYPE = YES_ERROR;
				GCC_WARN_UNDECLARED_SELECTOR = YES;
				GCC_WARN_UNINITIALIZED_AUTOS = YES_AGGRESSIVE;
				GCC_WARN_UNUSED_FUNCTION = YES;
				GCC_WARN_UNUSED_VARIABLE = YES;
				IPHONEOS_DEPLOYMENT_TARGET = 13.0;
				MTL_ENABLE_DEBUG_INFO = INCLUDE_SOURCE;
				MTL_FAST_MATH = YES;
				ONLY_ACTIVE_ARCH = YES;
				SDKROOT = iphoneos;
				SWIFT_ACTIVE_COMPILATION_CONDITIONS = DEBUG;
				SWIFT_OPTIMIZATION_LEVEL = "-Onone";
			};
			name = Debug;
		};
		9FE8A9AF290BEA6200AA3442 /* Release */ = {
			isa = XCBuildConfiguration;
			buildSettings = {
				ALWAYS_SEARCH_USER_PATHS = NO;
				CLANG_ANALYZER_NONNULL = YES;
				CLANG_ANALYZER_NUMBER_OBJECT_CONVERSION = YES_AGGRESSIVE;
				CLANG_CXX_LANGUAGE_STANDARD = "gnu++17";
				CLANG_ENABLE_MODULES = YES;
				CLANG_ENABLE_OBJC_ARC = YES;
				CLANG_ENABLE_OBJC_WEAK = YES;
				CLANG_WARN_BLOCK_CAPTURE_AUTORELEASING = YES;
				CLANG_WARN_BOOL_CONVERSION = YES;
				CLANG_WARN_COMMA = YES;
				CLANG_WARN_CONSTANT_CONVERSION = YES;
				CLANG_WARN_DEPRECATED_OBJC_IMPLEMENTATIONS = YES;
				CLANG_WARN_DIRECT_OBJC_ISA_USAGE = YES_ERROR;
				CLANG_WARN_DOCUMENTATION_COMMENTS = YES;
				CLANG_WARN_EMPTY_BODY = YES;
				CLANG_WARN_ENUM_CONVERSION = YES;
				CLANG_WARN_INFINITE_RECURSION = YES;
				CLANG_WARN_INT_CONVERSION = YES;
				CLANG_WARN_NON_LITERAL_NULL_CONVERSION = YES;
				CLANG_WARN_OBJC_IMPLICIT_RETAIN_SELF = YES;
				CLANG_WARN_OBJC_LITERAL_CONVERSION = YES;
				CLANG_WARN_OBJC_ROOT_CLASS = YES_ERROR;
				CLANG_WARN_QUOTED_INCLUDE_IN_FRAMEWORK_HEADER = YES;
				CLANG_WARN_RANGE_LOOP_ANALYSIS = YES;
				CLANG_WARN_STRICT_PROTOTYPES = YES;
				CLANG_WARN_SUSPICIOUS_MOVE = YES;
				CLANG_WARN_UNGUARDED_AVAILABILITY = YES_AGGRESSIVE;
				CLANG_WARN_UNREACHABLE_CODE = YES;
				CLANG_WARN__DUPLICATE_METHOD_MATCH = YES;
				COPY_PHASE_STRIP = NO;
				DEBUG_INFORMATION_FORMAT = "dwarf-with-dsym";
				ENABLE_NS_ASSERTIONS = NO;
				ENABLE_STRICT_OBJC_MSGSEND = YES;
				GCC_C_LANGUAGE_STANDARD = gnu11;
				GCC_NO_COMMON_BLOCKS = YES;
				GCC_WARN_64_TO_32_BIT_CONVERSION = YES;
				GCC_WARN_ABOUT_RETURN_TYPE = YES_ERROR;
				GCC_WARN_UNDECLARED_SELECTOR = YES;
				GCC_WARN_UNINITIALIZED_AUTOS = YES_AGGRESSIVE;
				GCC_WARN_UNUSED_FUNCTION = YES;
				GCC_WARN_UNUSED_VARIABLE = YES;
				IPHONEOS_DEPLOYMENT_TARGET = 13.0;
				MTL_ENABLE_DEBUG_INFO = NO;
				MTL_FAST_MATH = YES;
				SDKROOT = iphoneos;
				SWIFT_COMPILATION_MODE = wholemodule;
				SWIFT_OPTIMIZATION_LEVEL = "-O";
				VALIDATE_PRODUCT = YES;
			};
			name = Release;
		};
		9FE8A9B1290BEA6200AA3442 /* Debug */ = {
			isa = XCBuildConfiguration;
			buildSettings = {
				ASSETCATALOG_COMPILER_APPICON_NAME = AppIcon;
				ASSETCATALOG_COMPILER_GLOBAL_ACCENT_COLOR_NAME = AccentColor;
				CODE_SIGN_STYLE = Automatic;
				CURRENT_PROJECT_VERSION = 1;
				DEVELOPMENT_TEAM = 5WLZ293DXK;
				GENERATE_INFOPLIST_FILE = YES;
				INFOPLIST_FILE = "Avito Trainee Task Dmitry Kuplinov/Info.plist";
				INFOPLIST_KEY_UIApplicationSupportsIndirectInputEvents = YES;
				INFOPLIST_KEY_UILaunchStoryboardName = LaunchScreen;
				INFOPLIST_KEY_UIMainStoryboardFile = Main;
				INFOPLIST_KEY_UISupportedInterfaceOrientations_iPad = "UIInterfaceOrientationPortrait UIInterfaceOrientationPortraitUpsideDown UIInterfaceOrientationLandscapeLeft UIInterfaceOrientationLandscapeRight";
				INFOPLIST_KEY_UISupportedInterfaceOrientations_iPhone = "UIInterfaceOrientationPortrait UIInterfaceOrientationLandscapeLeft UIInterfaceOrientationLandscapeRight";
				IPHONEOS_DEPLOYMENT_TARGET = 13.0;
				LD_RUNPATH_SEARCH_PATHS = (
					"$(inherited)",
					"@executable_path/Frameworks",
				);
				MARKETING_VERSION = 1.0;
				PRODUCT_BUNDLE_IDENTIFIER = "com.dmitry.Avito-Trainee-Task-Dmitry-Kuplinov";
				PRODUCT_NAME = "$(TARGET_NAME)";
				SWIFT_EMIT_LOC_STRINGS = YES;
				SWIFT_VERSION = 5.0;
				TARGETED_DEVICE_FAMILY = "1,2";
			};
			name = Debug;
		};
		9FE8A9B2290BEA6200AA3442 /* Release */ = {
			isa = XCBuildConfiguration;
			buildSettings = {
				ASSETCATALOG_COMPILER_APPICON_NAME = AppIcon;
				ASSETCATALOG_COMPILER_GLOBAL_ACCENT_COLOR_NAME = AccentColor;
				CODE_SIGN_STYLE = Automatic;
				CURRENT_PROJECT_VERSION = 1;
				DEVELOPMENT_TEAM = 5WLZ293DXK;
				GENERATE_INFOPLIST_FILE = YES;
				INFOPLIST_FILE = "Avito Trainee Task Dmitry Kuplinov/Info.plist";
				INFOPLIST_KEY_UIApplicationSupportsIndirectInputEvents = YES;
				INFOPLIST_KEY_UILaunchStoryboardName = LaunchScreen;
				INFOPLIST_KEY_UIMainStoryboardFile = Main;
				INFOPLIST_KEY_UISupportedInterfaceOrientations_iPad = "UIInterfaceOrientationPortrait UIInterfaceOrientationPortraitUpsideDown UIInterfaceOrientationLandscapeLeft UIInterfaceOrientationLandscapeRight";
				INFOPLIST_KEY_UISupportedInterfaceOrientations_iPhone = "UIInterfaceOrientationPortrait UIInterfaceOrientationLandscapeLeft UIInterfaceOrientationLandscapeRight";
				IPHONEOS_DEPLOYMENT_TARGET = 13.0;
				LD_RUNPATH_SEARCH_PATHS = (
					"$(inherited)",
					"@executable_path/Frameworks",
				);
				MARKETING_VERSION = 1.0;
				PRODUCT_BUNDLE_IDENTIFIER = "com.dmitry.Avito-Trainee-Task-Dmitry-Kuplinov";
				PRODUCT_NAME = "$(TARGET_NAME)";
				SWIFT_EMIT_LOC_STRINGS = YES;
				SWIFT_VERSION = 5.0;
				TARGETED_DEVICE_FAMILY = "1,2";
			};
			name = Release;
		};
/* End XCBuildConfiguration section */

/* Begin XCConfigurationList section */
		9FE8A997290BEA6100AA3442 /* Build configuration list for PBXProject "Avito Trainee Task Dmitry Kuplinov" */ = {
			isa = XCConfigurationList;
			buildConfigurations = (
				9FE8A9AE290BEA6200AA3442 /* Debug */,
				9FE8A9AF290BEA6200AA3442 /* Release */,
			);
			defaultConfigurationIsVisible = 0;
			defaultConfigurationName = Release;
		};
		9FE8A9B0290BEA6200AA3442 /* Build configuration list for PBXNativeTarget "Avito Trainee Task Dmitry Kuplinov" */ = {
			isa = XCConfigurationList;
			buildConfigurations = (
				9FE8A9B1290BEA6200AA3442 /* Debug */,
				9FE8A9B2290BEA6200AA3442 /* Release */,
			);
			defaultConfigurationIsVisible = 0;
			defaultConfigurationName = Release;
		};
/* End XCConfigurationList section */
	};
	rootObject = 9FE8A994290BEA6100AA3442 /* Project object */;
}
